
Microsoft Visual Studio Solution File, Format Version 12.00
# Visual Studio Version 16
VisualStudioVersion = 16.0.29020.237
MinimumVisualStudioVersion = 10.0.40219.1
Project("{9A19103F-16F7-4668-BE54-9A1E7A4F7556}") = "TRISTAR.Assessment.Server", "TRISTAR.Assessment.Server\TRISTAR.Assessment.Server.csproj", "{C7EEF3D8-6453-429E-88B2-2D7C07CDDCDF}"
EndProject
Project("{9A19103F-16F7-4668-BE54-9A1E7A4F7556}") = "TRISTAR.Assessment.Core", "TRISTAR.Assessment.Core\TRISTAR.Assessment.Core.csproj", "{66079D1B-CA09-4853-B70B-7589F6A92183}"
EndProject
Project("{9A19103F-16F7-4668-BE54-9A1E7A4F7556}") = "TRISTAR.Assessment.Tests", "TRISTAR.Assessment.Tests\TRISTAR.Assessment.Tests.csproj", "{A9BC4D4A-EC32-4A3E-B59D-5D5E6A0F5C98}"
EndProject
Project("{9A19103F-16F7-4668-BE54-9A1E7A4F7556}") = "TRISTAR.Assessment.Client", "TRISTAR.Assessment.Client\TRISTAR.Assessment.Client.csproj", "{B7E46A42-AA73-4277-9924-CA6711ABA9BB}"
EndProject
Global
	GlobalSection(SolutionConfigurationPlatforms) = preSolution
		Debug|Any CPU = Debug|Any CPU
		Release|Any CPU = Release|Any CPU
	EndGlobalSection
	GlobalSection(ProjectConfigurationPlatforms) = postSolution
		{C7EEF3D8-6453-429E-88B2-2D7C07CDDCDF}.Debug|Any CPU.ActiveCfg = Debug|Any CPU
		{C7EEF3D8-6453-429E-88B2-2D7C07CDDCDF}.Debug|Any CPU.Build.0 = Debug|Any CPU
		{C7EEF3D8-6453-429E-88B2-2D7C07CDDCDF}.Release|Any CPU.ActiveCfg = Release|Any CPU
		{C7EEF3D8-6453-429E-88B2-2D7C07CDDCDF}.Release|Any CPU.Build.0 = Release|Any CPU
		{66079D1B-CA09-4853-B70B-7589F6A92183}.Debug|Any CPU.ActiveCfg = Debug|Any CPU
		{66079D1B-CA09-4853-B70B-7589F6A92183}.Debug|Any CPU.Build.0 = Debug|Any CPU
		{66079D1B-CA09-4853-B70B-7589F6A92183}.Release|Any CPU.ActiveCfg = Release|Any CPU
		{66079D1B-CA09-4853-B70B-7589F6A92183}.Release|Any CPU.Build.0 = Release|Any CPU
		{A9BC4D4A-EC32-4A3E-B59D-5D5E6A0F5C98}.Debug|Any CPU.ActiveCfg = Debug|Any CPU
		{A9BC4D4A-EC32-4A3E-B59D-5D5E6A0F5C98}.Debug|Any CPU.Build.0 = Debug|Any CPU
		{A9BC4D4A-EC32-4A3E-B59D-5D5E6A0F5C98}.Release|Any CPU.ActiveCfg = Release|Any CPU
		{A9BC4D4A-EC32-4A3E-B59D-5D5E6A0F5C98}.Release|Any CPU.Build.0 = Release|Any CPU
		{B7E46A42-AA73-4277-9924-CA6711ABA9BB}.Debug|Any CPU.ActiveCfg = Debug|Any CPU
		{B7E46A42-AA73-4277-9924-CA6711ABA9BB}.Debug|Any CPU.Build.0 = Debug|Any CPU
		{B7E46A42-AA73-4277-9924-CA6711ABA9BB}.Release|Any CPU.ActiveCfg = Release|Any CPU
		{B7E46A42-AA73-4277-9924-CA6711ABA9BB}.Release|Any CPU.Build.0 = Release|Any CPU
	EndGlobalSection
	GlobalSection(SolutionProperties) = preSolution
		HideSolutionNode = FALSE
	EndGlobalSection
	GlobalSection(ExtensibilityGlobals) = postSolution
		SolutionGuid = {033E5A4F-B206-416C-B84B-91DAFEC295B3}
	EndGlobalSection
EndGlobal
